// !$*UTF8*$!
{
	archiveVersion = 1;
	classes = {
	};
	objectVersion = 56;
	objects = {

/* Begin PBXBuildFile section */
		B54F77182914F3E4001B2E9B /* RocketHorizontalBlockViewModel.swift in Sources */ = {isa = PBXBuildFile; fileRef = B54F77172914F3E4001B2E9B /* RocketHorizontalBlockViewModel.swift */; };
		B54F771B2914F4C3001B2E9B /* RocketInfo.swift in Sources */ = {isa = PBXBuildFile; fileRef = B54F771A2914F4C3001B2E9B /* RocketInfo.swift */; };
		B57BB20C29150A6900DF488C /* RocketMainInformationViewModel.swift in Sources */ = {isa = PBXBuildFile; fileRef = B57BB20B29150A6900DF488C /* RocketMainInformationViewModel.swift */; };
		B57BB20E29150CFE00DF488C /* InfoSectionView.swift in Sources */ = {isa = PBXBuildFile; fileRef = B57BB20D29150CFE00DF488C /* InfoSectionView.swift */; };
		B57BB21329152AC200DF488C /* RocketFlightHistoryViewController.swift in Sources */ = {isa = PBXBuildFile; fileRef = B57BB21229152AC200DF488C /* RocketFlightHistoryViewController.swift */; };
		B57BB21529152B1C00DF488C /* RocketFlightHistoryTableViewCell.swift in Sources */ = {isa = PBXBuildFile; fileRef = B57BB21429152B1C00DF488C /* RocketFlightHistoryTableViewCell.swift */; };
		B57BB21729152E7A00DF488C /* RocketFlightModel.swift in Sources */ = {isa = PBXBuildFile; fileRef = B57BB21629152E7A00DF488C /* RocketFlightModel.swift */; };
		B57BB21929154F7200DF488C /* RocketFlightHistoryViewModel.swift in Sources */ = {isa = PBXBuildFile; fileRef = B57BB21829154F7200DF488C /* RocketFlightHistoryViewModel.swift */; };
		B597181A29127E53006B85AE /* AppDelegate.swift in Sources */ = {isa = PBXBuildFile; fileRef = B597181929127E53006B85AE /* AppDelegate.swift */; };
		B597181C29127E53006B85AE /* SceneDelegate.swift in Sources */ = {isa = PBXBuildFile; fileRef = B597181B29127E53006B85AE /* SceneDelegate.swift */; };
		B597181E29127E53006B85AE /* RocketViewController.swift in Sources */ = {isa = PBXBuildFile; fileRef = B597181D29127E53006B85AE /* RocketViewController.swift */; };
		B597182329127E54006B85AE /* Assets.xcassets in Resources */ = {isa = PBXBuildFile; fileRef = B597182229127E54006B85AE /* Assets.xcassets */; };
		B597182629127E54006B85AE /* LaunchScreen.storyboard in Resources */ = {isa = PBXBuildFile; fileRef = B597182429127E54006B85AE /* LaunchScreen.storyboard */; };
		B59718332912853D006B85AE /* APIManager.swift in Sources */ = {isa = PBXBuildFile; fileRef = B59718322912853D006B85AE /* APIManager.swift */; };
		B597183629128673006B85AE /* RocketModel.swift in Sources */ = {isa = PBXBuildFile; fileRef = B597183529128673006B85AE /* RocketModel.swift */; };
		B5971839291294DE006B85AE /* RocketInformationCollectionViewCell.swift in Sources */ = {isa = PBXBuildFile; fileRef = B5971838291294DE006B85AE /* RocketInformationCollectionViewCell.swift */; };
		B597183B2912A245006B85AE /* MainPageViewController.swift in Sources */ = {isa = PBXBuildFile; fileRef = B597183A2912A245006B85AE /* MainPageViewController.swift */; };
/* End PBXBuildFile section */

/* Begin PBXFileReference section */
		B54F77172914F3E4001B2E9B /* RocketHorizontalBlockViewModel.swift */ = {isa = PBXFileReference; lastKnownFileType = sourcecode.swift; path = RocketHorizontalBlockViewModel.swift; sourceTree = "<group>"; };
		B54F771A2914F4C3001B2E9B /* RocketInfo.swift */ = {isa = PBXFileReference; lastKnownFileType = sourcecode.swift; path = RocketInfo.swift; sourceTree = "<group>"; };
		B57BB20B29150A6900DF488C /* RocketMainInformationViewModel.swift */ = {isa = PBXFileReference; lastKnownFileType = sourcecode.swift; path = RocketMainInformationViewModel.swift; sourceTree = "<group>"; };
		B57BB20D29150CFE00DF488C /* InfoSectionView.swift */ = {isa = PBXFileReference; lastKnownFileType = sourcecode.swift; path = InfoSectionView.swift; sourceTree = "<group>"; };
		B57BB21229152AC200DF488C /* RocketFlightHistoryViewController.swift */ = {isa = PBXFileReference; lastKnownFileType = sourcecode.swift; path = RocketFlightHistoryViewController.swift; sourceTree = "<group>"; };
		B57BB21429152B1C00DF488C /* RocketFlightHistoryTableViewCell.swift */ = {isa = PBXFileReference; lastKnownFileType = sourcecode.swift; path = RocketFlightHistoryTableViewCell.swift; sourceTree = "<group>"; };
		B57BB21629152E7A00DF488C /* RocketFlightModel.swift */ = {isa = PBXFileReference; lastKnownFileType = sourcecode.swift; path = RocketFlightModel.swift; sourceTree = "<group>"; };
		B57BB21829154F7200DF488C /* RocketFlightHistoryViewModel.swift */ = {isa = PBXFileReference; lastKnownFileType = sourcecode.swift; path = RocketFlightHistoryViewModel.swift; sourceTree = "<group>"; };
		B597181629127E53006B85AE /* SpaceXRockets.app */ = {isa = PBXFileReference; explicitFileType = wrapper.application; includeInIndex = 0; path = SpaceXRockets.app; sourceTree = BUILT_PRODUCTS_DIR; };
		B597181929127E53006B85AE /* AppDelegate.swift */ = {isa = PBXFileReference; lastKnownFileType = sourcecode.swift; path = AppDelegate.swift; sourceTree = "<group>"; };
		B597181B29127E53006B85AE /* SceneDelegate.swift */ = {isa = PBXFileReference; lastKnownFileType = sourcecode.swift; path = SceneDelegate.swift; sourceTree = "<group>"; };
		B597181D29127E53006B85AE /* RocketViewController.swift */ = {isa = PBXFileReference; lastKnownFileType = sourcecode.swift; path = RocketViewController.swift; sourceTree = "<group>"; };
		B597182229127E54006B85AE /* Assets.xcassets */ = {isa = PBXFileReference; lastKnownFileType = folder.assetcatalog; path = Assets.xcassets; sourceTree = "<group>"; };
		B597182529127E54006B85AE /* Base */ = {isa = PBXFileReference; lastKnownFileType = file.storyboard; name = Base; path = Base.lproj/LaunchScreen.storyboard; sourceTree = "<group>"; };
		B597182729127E54006B85AE /* Info.plist */ = {isa = PBXFileReference; lastKnownFileType = text.plist.xml; path = Info.plist; sourceTree = "<group>"; };
		B59718322912853D006B85AE /* APIManager.swift */ = {isa = PBXFileReference; lastKnownFileType = sourcecode.swift; path = APIManager.swift; sourceTree = "<group>"; };
		B597183529128673006B85AE /* RocketModel.swift */ = {isa = PBXFileReference; lastKnownFileType = sourcecode.swift; path = RocketModel.swift; sourceTree = "<group>"; };
		B5971838291294DE006B85AE /* RocketInformationCollectionViewCell.swift */ = {isa = PBXFileReference; lastKnownFileType = sourcecode.swift; path = RocketInformationCollectionViewCell.swift; sourceTree = "<group>"; };
		B597183A2912A245006B85AE /* MainPageViewController.swift */ = {isa = PBXFileReference; lastKnownFileType = sourcecode.swift; path = MainPageViewController.swift; sourceTree = "<group>"; };
/* End PBXFileReference section */

/* Begin PBXFrameworksBuildPhase section */
		B597181329127E53006B85AE /* Frameworks */ = {
			isa = PBXFrameworksBuildPhase;
			buildActionMask = 2147483647;
			files = (
			);
			runOnlyForDeploymentPostprocessing = 0;
		};
/* End PBXFrameworksBuildPhase section */

/* Begin PBXGroup section */
		B54F77192914F3E7001B2E9B /* ViewModel */ = {
			isa = PBXGroup;
			children = (
				B54F77172914F3E4001B2E9B /* RocketHorizontalBlockViewModel.swift */,
				B57BB20B29150A6900DF488C /* RocketMainInformationViewModel.swift */,
				B57BB21829154F7200DF488C /* RocketFlightHistoryViewModel.swift */,
			);
			path = ViewModel;
			sourceTree = "<group>";
		};
		B57BB20F2915279C00DF488C /* View */ = {
			isa = PBXGroup;
			children = (
				B57BB20D29150CFE00DF488C /* InfoSectionView.swift */,
			);
			path = View;
			sourceTree = "<group>";
		};
		B57BB210291527AD00DF488C /* Core */ = {
			isa = PBXGroup;
			children = (
				B597183A2912A245006B85AE /* MainPageViewController.swift */,
			);
			path = Core;
			sourceTree = "<group>";
		};
		B57BB211291527B200DF488C /* Main */ = {
			isa = PBXGroup;
			children = (
				B597181D29127E53006B85AE /* RocketViewController.swift */,
				B57BB21229152AC200DF488C /* RocketFlightHistoryViewController.swift */,
			);
			path = Main;
			sourceTree = "<group>";
		};
		B597180D29127E53006B85AE = {
			isa = PBXGroup;
			children = (
				B597181829127E53006B85AE /* SpaceXRockets */,
				B597181729127E53006B85AE /* Products */,
			);
			sourceTree = "<group>";
		};
		B597181729127E53006B85AE /* Products */ = {
			isa = PBXGroup;
			children = (
				B597181629127E53006B85AE /* SpaceXRockets.app */,
			);
			name = Products;
			sourceTree = "<group>";
		};
		B597181829127E53006B85AE /* SpaceXRockets */ = {
			isa = PBXGroup;
			children = (
				B597182729127E54006B85AE /* Info.plist */,
				B597182F29127EE0006B85AE /* Resourses */,
				B597182D29127ED1006B85AE /* App */,
				B597183129128523006B85AE /* APIManager */,
				B59718342912865E006B85AE /* Model */,
				B54F77192914F3E7001B2E9B /* ViewModel */,
				B59718372912948F006B85AE /* Cell */,
				B57BB20F2915279C00DF488C /* View */,
				B597182E29127ED6006B85AE /* Contollers */,
			);
			path = SpaceXRockets;
			sourceTree = "<group>";
		};
		B597182D29127ED1006B85AE /* App */ = {
			isa = PBXGroup;
			children = (
				B597181929127E53006B85AE /* AppDelegate.swift */,
				B597181B29127E53006B85AE /* SceneDelegate.swift */,
				B597182429127E54006B85AE /* LaunchScreen.storyboard */,
			);
			path = App;
			sourceTree = "<group>";
		};
		B597182E29127ED6006B85AE /* Contollers */ = {
			isa = PBXGroup;
			children = (
				B57BB211291527B200DF488C /* Main */,
				B57BB210291527AD00DF488C /* Core */,
			);
			path = Contollers;
			sourceTree = "<group>";
		};
		B597182F29127EE0006B85AE /* Resourses */ = {
			isa = PBXGroup;
			children = (
				B597182229127E54006B85AE /* Assets.xcassets */,
			);
			path = Resourses;
			sourceTree = "<group>";
		};
		B597183129128523006B85AE /* APIManager */ = {
			isa = PBXGroup;
			children = (
				B59718322912853D006B85AE /* APIManager.swift */,
			);
			path = APIManager;
			sourceTree = "<group>";
		};
		B59718342912865E006B85AE /* Model */ = {
			isa = PBXGroup;
			children = (
				B597183529128673006B85AE /* RocketModel.swift */,
				B54F771A2914F4C3001B2E9B /* RocketInfo.swift */,
				B57BB21629152E7A00DF488C /* RocketFlightModel.swift */,
			);
			path = Model;
			sourceTree = "<group>";
		};
		B59718372912948F006B85AE /* Cell */ = {
			isa = PBXGroup;
			children = (
				B5971838291294DE006B85AE /* RocketInformationCollectionViewCell.swift */,
				B57BB21429152B1C00DF488C /* RocketFlightHistoryTableViewCell.swift */,
			);
			path = Cell;
			sourceTree = "<group>";
		};
/* End PBXGroup section */

/* Begin PBXNativeTarget section */
		B597181529127E53006B85AE /* SpaceXRockets */ = {
			isa = PBXNativeTarget;
			buildConfigurationList = B597182A29127E54006B85AE /* Build configuration list for PBXNativeTarget "SpaceXRockets" */;
			buildPhases = (
				B597181229127E53006B85AE /* Sources */,
				B597181329127E53006B85AE /* Frameworks */,
				B597181429127E53006B85AE /* Resources */,
			);
			buildRules = (
			);
			dependencies = (
			);
			name = SpaceXRockets;
			productName = SpaceXRockets;
			productReference = B597181629127E53006B85AE /* SpaceXRockets.app */;
			productType = "com.apple.product-type.application";
		};
/* End PBXNativeTarget section */

/* Begin PBXProject section */
		B597180E29127E53006B85AE /* Project object */ = {
			isa = PBXProject;
			attributes = {
				BuildIndependentTargetsInParallel = 1;
				LastSwiftUpdateCheck = 1400;
				LastUpgradeCheck = 1400;
				TargetAttributes = {
					B597181529127E53006B85AE = {
						CreatedOnToolsVersion = 14.0.1;
					};
				};
			};
			buildConfigurationList = B597181129127E53006B85AE /* Build configuration list for PBXProject "SpaceXRockets" */;
			compatibilityVersion = "Xcode 14.0";
			developmentRegion = en;
			hasScannedForEncodings = 0;
			knownRegions = (
				en,
				Base,
			);
			mainGroup = B597180D29127E53006B85AE;
			productRefGroup = B597181729127E53006B85AE /* Products */;
			projectDirPath = "";
			projectRoot = "";
			targets = (
				B597181529127E53006B85AE /* SpaceXRockets */,
			);
		};
/* End PBXProject section */

/* Begin PBXResourcesBuildPhase section */
		B597181429127E53006B85AE /* Resources */ = {
			isa = PBXResourcesBuildPhase;
			buildActionMask = 2147483647;
			files = (
				B597182629127E54006B85AE /* LaunchScreen.storyboard in Resources */,
				B597182329127E54006B85AE /* Assets.xcassets in Resources */,
			);
			runOnlyForDeploymentPostprocessing = 0;
		};
/* End PBXResourcesBuildPhase section */

/* Begin PBXSourcesBuildPhase section */
		B597181229127E53006B85AE /* Sources */ = {
			isa = PBXSourcesBuildPhase;
			buildActionMask = 2147483647;
			files = (
				B57BB20C29150A6900DF488C /* RocketMainInformationViewModel.swift in Sources */,
				B54F77182914F3E4001B2E9B /* RocketHorizontalBlockViewModel.swift in Sources */,
				B59718332912853D006B85AE /* APIManager.swift in Sources */,
				B597183B2912A245006B85AE /* MainPageViewController.swift in Sources */,
				B5971839291294DE006B85AE /* RocketInformationCollectionViewCell.swift in Sources */,
				B57BB21329152AC200DF488C /* RocketFlightHistoryViewController.swift in Sources */,
				B597183629128673006B85AE /* RocketModel.swift in Sources */,
				B57BB21729152E7A00DF488C /* RocketFlightModel.swift in Sources */,
				B597181E29127E53006B85AE /* RocketViewController.swift in Sources */,
				B57BB21929154F7200DF488C /* RocketFlightHistoryViewModel.swift in Sources */,
				B57BB21529152B1C00DF488C /* RocketFlightHistoryTableViewCell.swift in Sources */,
				B597181A29127E53006B85AE /* AppDelegate.swift in Sources */,
				B597181C29127E53006B85AE /* SceneDelegate.swift in Sources */,
				B54F771B2914F4C3001B2E9B /* RocketInfo.swift in Sources */,
				B57BB20E29150CFE00DF488C /* InfoSectionView.swift in Sources */,
			);
			runOnlyForDeploymentPostprocessing = 0;
		};
/* End PBXSourcesBuildPhase section */

/* Begin PBXVariantGroup section */
		B597182429127E54006B85AE /* LaunchScreen.storyboard */ = {
			isa = PBXVariantGroup;
			children = (
				B597182529127E54006B85AE /* Base */,
			);
			name = LaunchScreen.storyboard;
			sourceTree = "<group>";
		};
/* End PBXVariantGroup section */

/* Begin XCBuildConfiguration section */
		B597182829127E54006B85AE /* Debug */ = {
			isa = XCBuildConfiguration;
			buildSettings = {
				ALWAYS_SEARCH_USER_PATHS = NO;
				CLANG_ANALYZER_NONNULL = YES;
				CLANG_ANALYZER_NUMBER_OBJECT_CONVERSION = YES_AGGRESSIVE;
				CLANG_CXX_LANGUAGE_STANDARD = "gnu++20";
				CLANG_ENABLE_MODULES = YES;
				CLANG_ENABLE_OBJC_ARC = YES;
				CLANG_ENABLE_OBJC_WEAK = YES;
				CLANG_WARN_BLOCK_CAPTURE_AUTORELEASING = YES;
				CLANG_WARN_BOOL_CONVERSION = YES;
				CLANG_WARN_COMMA = YES;
				CLANG_WARN_CONSTANT_CONVERSION = YES;
				CLANG_WARN_DEPRECATED_OBJC_IMPLEMENTATIONS = YES;
				CLANG_WARN_DIRECT_OBJC_ISA_USAGE = YES_ERROR;
				CLANG_WARN_DOCUMENTATION_COMMENTS = YES;
				CLANG_WARN_EMPTY_BODY = YES;
				CLANG_WARN_ENUM_CONVERSION = YES;
				CLANG_WARN_INFINITE_RECURSION = YES;
				CLANG_WARN_INT_CONVERSION = YES;
				CLANG_WARN_NON_LITERAL_NULL_CONVERSION = YES;
				CLANG_WARN_OBJC_IMPLICIT_RETAIN_SELF = YES;
				CLANG_WARN_OBJC_LITERAL_CONVERSION = YES;
				CLANG_WARN_OBJC_ROOT_CLASS = YES_ERROR;
				CLANG_WARN_QUOTED_INCLUDE_IN_FRAMEWORK_HEADER = YES;
				CLANG_WARN_RANGE_LOOP_ANALYSIS = YES;
				CLANG_WARN_STRICT_PROTOTYPES = YES;
				CLANG_WARN_SUSPICIOUS_MOVE = YES;
				CLANG_WARN_UNGUARDED_AVAILABILITY = YES_AGGRESSIVE;
				CLANG_WARN_UNREACHABLE_CODE = YES;
				CLANG_WARN__DUPLICATE_METHOD_MATCH = YES;
				COPY_PHASE_STRIP = NO;
				DEBUG_INFORMATION_FORMAT = dwarf;
				ENABLE_STRICT_OBJC_MSGSEND = YES;
				ENABLE_TESTABILITY = YES;
				GCC_C_LANGUAGE_STANDARD = gnu11;
				GCC_DYNAMIC_NO_PIC = NO;
				GCC_NO_COMMON_BLOCKS = YES;
				GCC_OPTIMIZATION_LEVEL = 0;
				GCC_PREPROCESSOR_DEFINITIONS = (
					"DEBUG=1",
					"$(inherited)",
				);
				GCC_WARN_64_TO_32_BIT_CONVERSION = YES;
				GCC_WARN_ABOUT_RETURN_TYPE = YES_ERROR;
				GCC_WARN_UNDECLARED_SELECTOR = YES;
				GCC_WARN_UNINITIALIZED_AUTOS = YES_AGGRESSIVE;
				GCC_WARN_UNUSED_FUNCTION = YES;
				GCC_WARN_UNUSED_VARIABLE = YES;
				IPHONEOS_DEPLOYMENT_TARGET = 13.0;
				MTL_ENABLE_DEBUG_INFO = INCLUDE_SOURCE;
				MTL_FAST_MATH = YES;
				ONLY_ACTIVE_ARCH = YES;
				SDKROOT = iphoneos;
				SWIFT_ACTIVE_COMPILATION_CONDITIONS = DEBUG;
				SWIFT_OPTIMIZATION_LEVEL = "-Onone";
			};
			name = Debug;
		};
		B597182929127E54006B85AE /* Release */ = {
			isa = XCBuildConfiguration;
			buildSettings = {
				ALWAYS_SEARCH_USER_PATHS = NO;
				CLANG_ANALYZER_NONNULL = YES;
				CLANG_ANALYZER_NUMBER_OBJECT_CONVERSION = YES_AGGRESSIVE;
				CLANG_CXX_LANGUAGE_STANDARD = "gnu++20";
				CLANG_ENABLE_MODULES = YES;
				CLANG_ENABLE_OBJC_ARC = YES;
				CLANG_ENABLE_OBJC_WEAK = YES;
				CLANG_WARN_BLOCK_CAPTURE_AUTORELEASING = YES;
				CLANG_WARN_BOOL_CONVERSION = YES;
				CLANG_WARN_COMMA = YES;
				CLANG_WARN_CONSTANT_CONVERSION = YES;
				CLANG_WARN_DEPRECATED_OBJC_IMPLEMENTATIONS = YES;
				CLANG_WARN_DIRECT_OBJC_ISA_USAGE = YES_ERROR;
				CLANG_WARN_DOCUMENTATION_COMMENTS = YES;
				CLANG_WARN_EMPTY_BODY = YES;
				CLANG_WARN_ENUM_CONVERSION = YES;
				CLANG_WARN_INFINITE_RECURSION = YES;
				CLANG_WARN_INT_CONVERSION = YES;
				CLANG_WARN_NON_LITERAL_NULL_CONVERSION = YES;
				CLANG_WARN_OBJC_IMPLICIT_RETAIN_SELF = YES;
				CLANG_WARN_OBJC_LITERAL_CONVERSION = YES;
				CLANG_WARN_OBJC_ROOT_CLASS = YES_ERROR;
				CLANG_WARN_QUOTED_INCLUDE_IN_FRAMEWORK_HEADER = YES;
				CLANG_WARN_RANGE_LOOP_ANALYSIS = YES;
				CLANG_WARN_STRICT_PROTOTYPES = YES;
				CLANG_WARN_SUSPICIOUS_MOVE = YES;
				CLANG_WARN_UNGUARDED_AVAILABILITY = YES_AGGRESSIVE;
				CLANG_WARN_UNREACHABLE_CODE = YES;
				CLANG_WARN__DUPLICATE_METHOD_MATCH = YES;
				COPY_PHASE_STRIP = NO;
				DEBUG_INFORMATION_FORMAT = "dwarf-with-dsym";
				ENABLE_NS_ASSERTIONS = NO;
				ENABLE_STRICT_OBJC_MSGSEND = YES;
				GCC_C_LANGUAGE_STANDARD = gnu11;
				GCC_NO_COMMON_BLOCKS = YES;
				GCC_WARN_64_TO_32_BIT_CONVERSION = YES;
				GCC_WARN_ABOUT_RETURN_TYPE = YES_ERROR;
				GCC_WARN_UNDECLARED_SELECTOR = YES;
				GCC_WARN_UNINITIALIZED_AUTOS = YES_AGGRESSIVE;
				GCC_WARN_UNUSED_FUNCTION = YES;
				GCC_WARN_UNUSED_VARIABLE = YES;
				IPHONEOS_DEPLOYMENT_TARGET = 13.0;
				MTL_ENABLE_DEBUG_INFO = NO;
				MTL_FAST_MATH = YES;
				SDKROOT = iphoneos;
				SWIFT_COMPILATION_MODE = wholemodule;
				SWIFT_OPTIMIZATION_LEVEL = "-O";
				VALIDATE_PRODUCT = YES;
			};
			name = Release;
		};
		B597182B29127E54006B85AE /* Debug */ = {
			isa = XCBuildConfiguration;
			buildSettings = {
				ASSETCATALOG_COMPILER_APPICON_NAME = AppIcon;
				ASSETCATALOG_COMPILER_GLOBAL_ACCENT_COLOR_NAME = AccentColor;
				CODE_SIGN_STYLE = Automatic;
				CURRENT_PROJECT_VERSION = 1;
				DEVELOPMENT_TEAM = V352R4M2J4;
				GENERATE_INFOPLIST_FILE = YES;
				INFOPLIST_FILE = SpaceXRockets/Info.plist;
				INFOPLIST_KEY_UIApplicationSupportsIndirectInputEvents = YES;
				INFOPLIST_KEY_UILaunchStoryboardName = LaunchScreen;
				INFOPLIST_KEY_UISupportedInterfaceOrientations_iPad = "UIInterfaceOrientationPortrait UIInterfaceOrientationPortraitUpsideDown UIInterfaceOrientationLandscapeLeft UIInterfaceOrientationLandscapeRight";
				INFOPLIST_KEY_UISupportedInterfaceOrientations_iPhone = "UIInterfaceOrientationPortrait UIInterfaceOrientationLandscapeLeft UIInterfaceOrientationLandscapeRight";
				IPHONEOS_DEPLOYMENT_TARGET = 13.0;
				LD_RUNPATH_SEARCH_PATHS = (
					"$(inherited)",
					"@executable_path/Frameworks",
				);
				MARKETING_VERSION = 1.0;
				PRODUCT_BUNDLE_IDENTIFIER = pavel.SpaceXRockets;
				PRODUCT_NAME = "$(TARGET_NAME)";
				SWIFT_EMIT_LOC_STRINGS = YES;
				SWIFT_VERSION = 5.0;
				TARGETED_DEVICE_FAMILY = "1,2";
			};
			name = Debug;
		};
		B597182C29127E54006B85AE /* Release */ = {
			isa = XCBuildConfiguration;
			buildSettings = {
				ASSETCATALOG_COMPILER_APPICON_NAME = AppIcon;
				ASSETCATALOG_COMPILER_GLOBAL_ACCENT_COLOR_NAME = AccentColor;
				CODE_SIGN_STYLE = Automatic;
				CURRENT_PROJECT_VERSION = 1;
				DEVELOPMENT_TEAM = V352R4M2J4;
				GENERATE_INFOPLIST_FILE = YES;
				INFOPLIST_FILE = SpaceXRockets/Info.plist;
				INFOPLIST_KEY_UIApplicationSupportsIndirectInputEvents = YES;
				INFOPLIST_KEY_UILaunchStoryboardName = LaunchScreen;
				INFOPLIST_KEY_UISupportedInterfaceOrientations_iPad = "UIInterfaceOrientationPortrait UIInterfaceOrientationPortraitUpsideDown UIInterfaceOrientationLandscapeLeft UIInterfaceOrientationLandscapeRight";
				INFOPLIST_KEY_UISupportedInterfaceOrientations_iPhone = "UIInterfaceOrientationPortrait UIInterfaceOrientationLandscapeLeft UIInterfaceOrientationLandscapeRight";
				IPHONEOS_DEPLOYMENT_TARGET = 13.0;
				LD_RUNPATH_SEARCH_PATHS = (
					"$(inherited)",
					"@executable_path/Frameworks",
				);
				MARKETING_VERSION = 1.0;
				PRODUCT_BUNDLE_IDENTIFIER = pavel.SpaceXRockets;
				PRODUCT_NAME = "$(TARGET_NAME)";
				SWIFT_EMIT_LOC_STRINGS = YES;
				SWIFT_VERSION = 5.0;
				TARGETED_DEVICE_FAMILY = "1,2";
			};
			name = Release;
		};
/* End XCBuildConfiguration section */

/* Begin XCConfigurationList section */
		B597181129127E53006B85AE /* Build configuration list for PBXProject "SpaceXRockets" */ = {
			isa = XCConfigurationList;
			buildConfigurations = (
				B597182829127E54006B85AE /* Debug */,
				B597182929127E54006B85AE /* Release */,
			);
			defaultConfigurationIsVisible = 0;
			defaultConfigurationName = Release;
		};
		B597182A29127E54006B85AE /* Build configuration list for PBXNativeTarget "SpaceXRockets" */ = {
			isa = XCConfigurationList;
			buildConfigurations = (
				B597182B29127E54006B85AE /* Debug */,
				B597182C29127E54006B85AE /* Release */,
			);
			defaultConfigurationIsVisible = 0;
			defaultConfigurationName = Release;
		};
/* End XCConfigurationList section */
	};
	rootObject = B597180E29127E53006B85AE /* Project object */;
}
